
Microsoft Visual Studio Solution File, Format Version 12.00
# Visual Studio Version 17
VisualStudioVersion = 17.5.33530.505
MinimumVisualStudioVersion = 10.0.40219.1
Project("{FAE04EC0-301F-11D3-BF4B-00C04F79EFBC}") = "Filozofowie", "Filozofowie\Filozofowie.csproj", "{E5C465A3-644F-4A33-A44C-1BBE86C3CBC6}"
EndProject
Global
	GlobalSection(SolutionConfigurationPlatforms) = preSolution
		Debug|Any CPU = Debug|Any CPU
		Release|Any CPU = Release|Any CPU
	EndGlobalSection
	GlobalSection(ProjectConfigurationPlatforms) = postSolution
		{E5C465A3-644F-4A33-A44C-1BBE86C3CBC6}.Debug|Any CPU.ActiveCfg = Debug|Any CPU
		{E5C465A3-644F-4A33-A44C-1BBE86C3CBC6}.Debug|Any CPU.Build.0 = Debug|Any CPU
		{E5C465A3-644F-4A33-A44C-1BBE86C3CBC6}.Release|Any CPU.ActiveCfg = Release|Any CPU
		{E5C465A3-644F-4A33-A44C-1BBE86C3CBC6}.Release|Any CPU.Build.0 = Release|Any CPU
	EndGlobalSection
	GlobalSection(SolutionProperties) = preSolution
		HideSolutionNode = FALSE
	EndGlobalSection
	GlobalSection(ExtensibilityGlobals) = postSolution
		SolutionGuid = {8B02F3F6-AE80-483A-8DB4-7116E52AE804}
	EndGlobalSection
EndGlobal
